
Microsoft Visual Studio Solution File, Format Version 12.00
# Visual Studio Version 17
VisualStudioVersion = 17.10.34916.146
MinimumVisualStudioVersion = 10.0.40219.1
Project("{FAE04EC0-301F-11D3-BF4B-00C04F79EFBC}") = "API", "FitnessAPI\API.csproj", "{2FD04617-940F-4EEB-94B4-77112CB1B0BE}"
EndProject
Project("{9A19103F-16F7-4668-BE54-9A1E7A4F7556}") = "Application", "Application\Application.csproj", "{9BAC0F02-C70F-4B48-9AB7-1ED12C5FFD9C}"
EndProject
Project("{9A19103F-16F7-4668-BE54-9A1E7A4F7556}") = "Domain", "Domain\Domain.csproj", "{D3629F95-F7E0-40D9-9F44-1699E71FD7BE}"
EndProject
Project("{9A19103F-16F7-4668-BE54-9A1E7A4F7556}") = "Persistence", "Persistence\Persistence.csproj", "{2034D1F2-C340-4568-9F3E-A3BFC8140B89}"
EndProject
Global
	GlobalSection(SolutionConfigurationPlatforms) = preSolution
		Debug|Any CPU = Debug|Any CPU
		Release|Any CPU = Release|Any CPU
	EndGlobalSection
	GlobalSection(ProjectConfigurationPlatforms) = postSolution
		{2FD04617-940F-4EEB-94B4-77112CB1B0BE}.Debug|Any CPU.ActiveCfg = Debug|Any CPU
		{2FD04617-940F-4EEB-94B4-77112CB1B0BE}.Debug|Any CPU.Build.0 = Debug|Any CPU
		{2FD04617-940F-4EEB-94B4-77112CB1B0BE}.Release|Any CPU.ActiveCfg = Release|Any CPU
		{2FD04617-940F-4EEB-94B4-77112CB1B0BE}.Release|Any CPU.Build.0 = Release|Any CPU
		{9BAC0F02-C70F-4B48-9AB7-1ED12C5FFD9C}.Debug|Any CPU.ActiveCfg = Debug|Any CPU
		{9BAC0F02-C70F-4B48-9AB7-1ED12C5FFD9C}.Debug|Any CPU.Build.0 = Debug|Any CPU
		{9BAC0F02-C70F-4B48-9AB7-1ED12C5FFD9C}.Release|Any CPU.ActiveCfg = Release|Any CPU
		{9BAC0F02-C70F-4B48-9AB7-1ED12C5FFD9C}.Release|Any CPU.Build.0 = Release|Any CPU
		{D3629F95-F7E0-40D9-9F44-1699E71FD7BE}.Debug|Any CPU.ActiveCfg = Debug|Any CPU
		{D3629F95-F7E0-40D9-9F44-1699E71FD7BE}.Debug|Any CPU.Build.0 = Debug|Any CPU
		{D3629F95-F7E0-40D9-9F44-1699E71FD7BE}.Release|Any CPU.ActiveCfg = Release|Any CPU
		{D3629F95-F7E0-40D9-9F44-1699E71FD7BE}.Release|Any CPU.Build.0 = Release|Any CPU
		{2034D1F2-C340-4568-9F3E-A3BFC8140B89}.Debug|Any CPU.ActiveCfg = Debug|Any CPU
		{2034D1F2-C340-4568-9F3E-A3BFC8140B89}.Debug|Any CPU.Build.0 = Debug|Any CPU
		{2034D1F2-C340-4568-9F3E-A3BFC8140B89}.Release|Any CPU.ActiveCfg = Release|Any CPU
		{2034D1F2-C340-4568-9F3E-A3BFC8140B89}.Release|Any CPU.Build.0 = Release|Any CPU
	EndGlobalSection
	GlobalSection(SolutionProperties) = preSolution
		HideSolutionNode = FALSE
	EndGlobalSection
	GlobalSection(ExtensibilityGlobals) = postSolution
		SolutionGuid = {8B71BE57-CCAA-4B1C-8E0E-1B45A24FD8BC}
	EndGlobalSection
EndGlobal
